
Microsoft Visual Studio Solution File, Format Version 12.00
# Visual Studio Version 17
VisualStudioVersion = 17.8.34322.80
MinimumVisualStudioVersion = 10.0.40219.1
Project("{FAE04EC0-301F-11D3-BF4B-00C04F79EFBC}") = "ASPNETMVCCRUD", "ASPNETMVCCRUD\ASPNETMVCCRUD.csproj", "{5627F4CB-8924-4C5E-A0DC-E0A911A039B5}"
EndProject
Global
	GlobalSection(SolutionConfigurationPlatforms) = preSolution
		Debug|Any CPU = Debug|Any CPU
		Release|Any CPU = Release|Any CPU
	EndGlobalSection
	GlobalSection(ProjectConfigurationPlatforms) = postSolution
		{5627F4CB-8924-4C5E-A0DC-E0A911A039B5}.Debug|Any CPU.ActiveCfg = Debug|Any CPU
		{5627F4CB-8924-4C5E-A0DC-E0A911A039B5}.Debug|Any CPU.Build.0 = Debug|Any CPU
		{5627F4CB-8924-4C5E-A0DC-E0A911A039B5}.Release|Any CPU.ActiveCfg = Release|Any CPU
		{5627F4CB-8924-4C5E-A0DC-E0A911A039B5}.Release|Any CPU.Build.0 = Release|Any CPU
	EndGlobalSection
	GlobalSection(SolutionProperties) = preSolution
		HideSolutionNode = FALSE
	EndGlobalSection
	GlobalSection(ExtensibilityGlobals) = postSolution
		SolutionGuid = {502B1084-211C-42EC-96BE-43B361BFD65F}
	EndGlobalSection
EndGlobal
